// !$*UTF8*$!
{
	archiveVersion = 1;
	classes = {
	};
	objectVersion = 77;
	objects = {

/* Begin PBXBuildFile section */
		913965682DD7989A002DDEC2 /* Foundation.framework in Frameworks */ = {isa = PBXBuildFile; fileRef = 913965672DD7989A002DDEC2 /* Foundation.framework */; };
		9139656A2DD79B0B002DDEC2 /* CoreMedia.framework in Frameworks */ = {isa = PBXBuildFile; fileRef = 913965692DD79B0B002DDEC2 /* CoreMedia.framework */; };
		913F7D352DD7053700A2D616 /* ScreenCaptureKit.framework in Frameworks */ = {isa = PBXBuildFile; fileRef = 913F7D342DD7053700A2D616 /* ScreenCaptureKit.framework */; };
		91D7BE4B2DD5D00A00947A78 /* AVKit.framework in Frameworks */ = {isa = PBXBuildFile; fileRef = 91D7BE4A2DD5D00A00947A78 /* AVKit.framework */; };
		91FCA0872DD5745B00AFC664 /* AudioToolbox.framework in Frameworks */ = {isa = PBXBuildFile; fileRef = 91FCA0862DD5745B00AFC664 /* AudioToolbox.framework */; };
		91FCA0892DD5746200AFC664 /* AVFoundation.framework in Frameworks */ = {isa = PBXBuildFile; fileRef = 91FCA0882DD5746200AFC664 /* AVFoundation.framework */; };
		91FCA0902DD57D6600AFC664 /* AVFAudio.framework in Frameworks */ = {isa = PBXBuildFile; fileRef = 91FCA08F2DD57D6600AFC664 /* AVFAudio.framework */; };
/* End PBXBuildFile section */

/* Begin PBXCopyFilesBuildPhase section */
		91FCA0792DD5744A00AFC664 /* CopyFiles */ = {
			isa = PBXCopyFilesBuildPhase;
			buildActionMask = 2147483647;
			dstPath = /usr/share/man/man1/;
			dstSubfolderSpec = 0;
			files = (
			);
			runOnlyForDeploymentPostprocessing = 1;
		};
/* End PBXCopyFilesBuildPhase section */

/* Begin PBXFileReference section */
		913965672DD7989A002DDEC2 /* Foundation.framework */ = {isa = PBXFileReference; lastKnownFileType = wrapper.framework; name = Foundation.framework; path = System/Library/Frameworks/Foundation.framework; sourceTree = SDKROOT; };
		913965692DD79B0B002DDEC2 /* CoreMedia.framework */ = {isa = PBXFileReference; lastKnownFileType = wrapper.framework; name = CoreMedia.framework; path = System/Library/Frameworks/CoreMedia.framework; sourceTree = SDKROOT; };
		913F7D342DD7053700A2D616 /* ScreenCaptureKit.framework */ = {isa = PBXFileReference; lastKnownFileType = wrapper.framework; name = ScreenCaptureKit.framework; path = System/Library/Frameworks/ScreenCaptureKit.framework; sourceTree = SDKROOT; };
		91D7BE4A2DD5D00A00947A78 /* AVKit.framework */ = {isa = PBXFileReference; lastKnownFileType = wrapper.framework; name = AVKit.framework; path = System/Library/Frameworks/AVKit.framework; sourceTree = SDKROOT; };
		91FCA07B2DD5744A00AFC664 /* AtmosRecorder */ = {isa = PBXFileReference; explicitFileType = "compiled.mach-o.executable"; includeInIndex = 0; path = AtmosRecorder; sourceTree = BUILT_PRODUCTS_DIR; };
		91FCA0862DD5745B00AFC664 /* AudioToolbox.framework */ = {isa = PBXFileReference; lastKnownFileType = wrapper.framework; name = AudioToolbox.framework; path = System/Library/Frameworks/AudioToolbox.framework; sourceTree = SDKROOT; };
		91FCA0882DD5746200AFC664 /* AVFoundation.framework */ = {isa = PBXFileReference; lastKnownFileType = wrapper.framework; name = AVFoundation.framework; path = System/Library/Frameworks/AVFoundation.framework; sourceTree = SDKROOT; };
		91FCA08F2DD57D6600AFC664 /* AVFAudio.framework */ = {isa = PBXFileReference; lastKnownFileType = wrapper.framework; name = AVFAudio.framework; path = System/Library/Frameworks/AVFAudio.framework; sourceTree = SDKROOT; };
/* End PBXFileReference section */

/* Begin PBXFileSystemSynchronizedRootGroup section */
		91FCA07D2DD5744A00AFC664 /* AtmosRecorder */ = {
			isa = PBXFileSystemSynchronizedRootGroup;
			path = AtmosRecorder;
			sourceTree = "<group>";
		};
/* End PBXFileSystemSynchronizedRootGroup section */

/* Begin PBXFrameworksBuildPhase section */
		91FCA0782DD5744A00AFC664 /* Frameworks */ = {
			isa = PBXFrameworksBuildPhase;
			buildActionMask = 2147483647;
			files = (
				91FCA0902DD57D6600AFC664 /* AVFAudio.framework in Frameworks */,
				913965682DD7989A002DDEC2 /* Foundation.framework in Frameworks */,
				91FCA0892DD5746200AFC664 /* AVFoundation.framework in Frameworks */,
				91D7BE4B2DD5D00A00947A78 /* AVKit.framework in Frameworks */,
				913F7D352DD7053700A2D616 /* ScreenCaptureKit.framework in Frameworks */,
				91FCA0872DD5745B00AFC664 /* AudioToolbox.framework in Frameworks */,
				9139656A2DD79B0B002DDEC2 /* CoreMedia.framework in Frameworks */,
			);
			runOnlyForDeploymentPostprocessing = 0;
		};
/* End PBXFrameworksBuildPhase section */

/* Begin PBXGroup section */
		91FCA0722DD5744A00AFC664 = {
			isa = PBXGroup;
			children = (
				91FCA07D2DD5744A00AFC664 /* AtmosRecorder */,
				91FCA0852DD5745B00AFC664 /* Frameworks */,
				91FCA07C2DD5744A00AFC664 /* Products */,
			);
			sourceTree = "<group>";
		};
		91FCA07C2DD5744A00AFC664 /* Products */ = {
			isa = PBXGroup;
			children = (
				91FCA07B2DD5744A00AFC664 /* AtmosRecorder */,
			);
			name = Products;
			sourceTree = "<group>";
		};
		91FCA0852DD5745B00AFC664 /* Frameworks */ = {
			isa = PBXGroup;
			children = (
				913965692DD79B0B002DDEC2 /* CoreMedia.framework */,
				913965672DD7989A002DDEC2 /* Foundation.framework */,
				913F7D342DD7053700A2D616 /* ScreenCaptureKit.framework */,
				91D7BE4A2DD5D00A00947A78 /* AVKit.framework */,
				91FCA08F2DD57D6600AFC664 /* AVFAudio.framework */,
				91FCA0882DD5746200AFC664 /* AVFoundation.framework */,
				91FCA0862DD5745B00AFC664 /* AudioToolbox.framework */,
			);
			name = Frameworks;
			sourceTree = "<group>";
		};
/* End PBXGroup section */

/* Begin PBXNativeTarget section */
		91FCA07A2DD5744A00AFC664 /* AtmosRecorder */ = {
			isa = PBXNativeTarget;
			buildConfigurationList = 91FCA0822DD5744A00AFC664 /* Build configuration list for PBXNativeTarget "AtmosRecorder" */;
			buildPhases = (
				91FCA0772DD5744A00AFC664 /* Sources */,
				91FCA0782DD5744A00AFC664 /* Frameworks */,
				91FCA0792DD5744A00AFC664 /* CopyFiles */,
			);
			buildRules = (
			);
			dependencies = (
			);
			fileSystemSynchronizedGroups = (
				91FCA07D2DD5744A00AFC664 /* AtmosRecorder */,
			);
			name = AtmosRecorder;
			packageProductDependencies = (
			);
			productName = atmos;
			productReference = 91FCA07B2DD5744A00AFC664 /* AtmosRecorder */;
			productType = "com.apple.product-type.tool";
		};
/* End PBXNativeTarget section */

/* Begin PBXProject section */
		91FCA0732DD5744A00AFC664 /* Project object */ = {
			isa = PBXProject;
			attributes = {
				BuildIndependentTargetsInParallel = 1;
				LastUpgradeCheck = 1640;
				TargetAttributes = {
					91FCA07A2DD5744A00AFC664 = {
						CreatedOnToolsVersion = 16.3;
					};
				};
			};
			buildConfigurationList = 91FCA0762DD5744A00AFC664 /* Build configuration list for PBXProject "AtmosRecorder" */;
			developmentRegion = en;
			hasScannedForEncodings = 0;
			knownRegions = (
				en,
				Base,
			);
			mainGroup = 91FCA0722DD5744A00AFC664;
			minimizedProjectReferenceProxies = 1;
			preferredProjectObjectVersion = 77;
			productRefGroup = 91FCA07C2DD5744A00AFC664 /* Products */;
			projectDirPath = "";
			projectRoot = "";
			targets = (
				91FCA07A2DD5744A00AFC664 /* AtmosRecorder */,
			);
		};
/* End PBXProject section */

/* Begin PBXSourcesBuildPhase section */
		91FCA0772DD5744A00AFC664 /* Sources */ = {
			isa = PBXSourcesBuildPhase;
			buildActionMask = 2147483647;
			files = (
			);
			runOnlyForDeploymentPostprocessing = 0;
		};
/* End PBXSourcesBuildPhase section */

/* Begin XCBuildConfiguration section */
		91FCA0802DD5744A00AFC664 /* Debug */ = {
			isa = XCBuildConfiguration;
			buildSettings = {
				ALWAYS_SEARCH_USER_PATHS = NO;
				ASSETCATALOG_COMPILER_GENERATE_SWIFT_ASSET_SYMBOL_EXTENSIONS = YES;
				CLANG_ANALYZER_NONNULL = YES;
				CLANG_ANALYZER_NUMBER_OBJECT_CONVERSION = YES_AGGRESSIVE;
				CLANG_CXX_LANGUAGE_STANDARD = "gnu++20";
				CLANG_ENABLE_MODULES = YES;
				CLANG_ENABLE_OBJC_ARC = YES;
				CLANG_ENABLE_OBJC_WEAK = YES;
				CLANG_WARN_BLOCK_CAPTURE_AUTORELEASING = YES;
				CLANG_WARN_BOOL_CONVERSION = YES;
				CLANG_WARN_COMMA = YES;
				CLANG_WARN_CONSTANT_CONVERSION = YES;
				CLANG_WARN_DEPRECATED_OBJC_IMPLEMENTATIONS = YES;
				CLANG_WARN_DIRECT_OBJC_ISA_USAGE = YES_ERROR;
				CLANG_WARN_DOCUMENTATION_COMMENTS = YES;
				CLANG_WARN_EMPTY_BODY = YES;
				CLANG_WARN_ENUM_CONVERSION = YES;
				CLANG_WARN_INFINITE_RECURSION = YES;
				CLANG_WARN_INT_CONVERSION = YES;
				CLANG_WARN_NON_LITERAL_NULL_CONVERSION = YES;
				CLANG_WARN_OBJC_IMPLICIT_RETAIN_SELF = YES;
				CLANG_WARN_OBJC_LITERAL_CONVERSION = YES;
				CLANG_WARN_OBJC_ROOT_CLASS = YES_ERROR;
				CLANG_WARN_QUOTED_INCLUDE_IN_FRAMEWORK_HEADER = YES;
				CLANG_WARN_RANGE_LOOP_ANALYSIS = YES;
				CLANG_WARN_STRICT_PROTOTYPES = YES;
				CLANG_WARN_SUSPICIOUS_MOVE = YES;
				CLANG_WARN_UNGUARDED_AVAILABILITY = YES_AGGRESSIVE;
				CLANG_WARN_UNREACHABLE_CODE = YES;
				CLANG_WARN__DUPLICATE_METHOD_MATCH = YES;
				COPY_PHASE_STRIP = NO;
				DEAD_CODE_STRIPPING = YES;
				DEBUG_INFORMATION_FORMAT = dwarf;
				DEVELOPMENT_TEAM = T2Z7VV7AX4;
				ENABLE_STRICT_OBJC_MSGSEND = YES;
				ENABLE_TESTABILITY = YES;
				ENABLE_USER_SCRIPT_SANDBOXING = YES;
				GCC_C_LANGUAGE_STANDARD = gnu17;
				GCC_DYNAMIC_NO_PIC = NO;
				GCC_NO_COMMON_BLOCKS = YES;
				GCC_OPTIMIZATION_LEVEL = 0;
				GCC_PREPROCESSOR_DEFINITIONS = (
					"DEBUG=1",
					"$(inherited)",
				);
				GCC_WARN_64_TO_32_BIT_CONVERSION = YES;
				GCC_WARN_ABOUT_RETURN_TYPE = YES_ERROR;
				GCC_WARN_UNDECLARED_SELECTOR = YES;
				GCC_WARN_UNINITIALIZED_AUTOS = YES_AGGRESSIVE;
				GCC_WARN_UNUSED_FUNCTION = YES;
				GCC_WARN_UNUSED_VARIABLE = YES;
				LOCALIZATION_PREFERS_STRING_CATALOGS = YES;
				MACOSX_DEPLOYMENT_TARGET = 15.4;
				MTL_ENABLE_DEBUG_INFO = INCLUDE_SOURCE;
				MTL_FAST_MATH = YES;
				ONLY_ACTIVE_ARCH = YES;
				SDKROOT = macosx;
			};
			name = Debug;
		};
		91FCA0812DD5744A00AFC664 /* Release */ = {
			isa = XCBuildConfiguration;
			buildSettings = {
				ALWAYS_SEARCH_USER_PATHS = NO;
				ASSETCATALOG_COMPILER_GENERATE_SWIFT_ASSET_SYMBOL_EXTENSIONS = YES;
				CLANG_ANALYZER_NONNULL = YES;
				CLANG_ANALYZER_NUMBER_OBJECT_CONVERSION = YES_AGGRESSIVE;
				CLANG_CXX_LANGUAGE_STANDARD = "gnu++20";
				CLANG_ENABLE_MODULES = YES;
				CLANG_ENABLE_OBJC_ARC = YES;
				CLANG_ENABLE_OBJC_WEAK = YES;
				CLANG_WARN_BLOCK_CAPTURE_AUTORELEASING = YES;
				CLANG_WARN_BOOL_CONVERSION = YES;
				CLANG_WARN_COMMA = YES;
				CLANG_WARN_CONSTANT_CONVERSION = YES;
				CLANG_WARN_DEPRECATED_OBJC_IMPLEMENTATIONS = YES;
				CLANG_WARN_DIRECT_OBJC_ISA_USAGE = YES_ERROR;
				CLANG_WARN_DOCUMENTATION_COMMENTS = YES;
				CLANG_WARN_EMPTY_BODY = YES;
				CLANG_WARN_ENUM_CONVERSION = YES;
				CLANG_WARN_INFINITE_RECURSION = YES;
				CLANG_WARN_INT_CONVERSION = YES;
				CLANG_WARN_NON_LITERAL_NULL_CONVERSION = YES;
				CLANG_WARN_OBJC_IMPLICIT_RETAIN_SELF = YES;
				CLANG_WARN_OBJC_LITERAL_CONVERSION = YES;
				CLANG_WARN_OBJC_ROOT_CLASS = YES_ERROR;
				CLANG_WARN_QUOTED_INCLUDE_IN_FRAMEWORK_HEADER = YES;
				CLANG_WARN_RANGE_LOOP_ANALYSIS = YES;
				CLANG_WARN_STRICT_PROTOTYPES = YES;
				CLANG_WARN_SUSPICIOUS_MOVE = YES;
				CLANG_WARN_UNGUARDED_AVAILABILITY = YES_AGGRESSIVE;
				CLANG_WARN_UNREACHABLE_CODE = YES;
				CLANG_WARN__DUPLICATE_METHOD_MATCH = YES;
				COPY_PHASE_STRIP = NO;
				DEAD_CODE_STRIPPING = YES;
				DEBUG_INFORMATION_FORMAT = "dwarf-with-dsym";
				DEVELOPMENT_TEAM = T2Z7VV7AX4;
				ENABLE_NS_ASSERTIONS = NO;
				ENABLE_STRICT_OBJC_MSGSEND = YES;
				ENABLE_USER_SCRIPT_SANDBOXING = YES;
				GCC_C_LANGUAGE_STANDARD = gnu17;
				GCC_NO_COMMON_BLOCKS = YES;
				GCC_WARN_64_TO_32_BIT_CONVERSION = YES;
				GCC_WARN_ABOUT_RETURN_TYPE = YES_ERROR;
				GCC_WARN_UNDECLARED_SELECTOR = YES;
				GCC_WARN_UNINITIALIZED_AUTOS = YES_AGGRESSIVE;
				GCC_WARN_UNUSED_FUNCTION = YES;
				GCC_WARN_UNUSED_VARIABLE = YES;
				LOCALIZATION_PREFERS_STRING_CATALOGS = YES;
				MACOSX_DEPLOYMENT_TARGET = 15.4;
				MTL_ENABLE_DEBUG_INFO = NO;
				MTL_FAST_MATH = YES;
				SDKROOT = macosx;
			};
			name = Release;
		};
		91FCA0832DD5744A00AFC664 /* Debug */ = {
			isa = XCBuildConfiguration;
			buildSettings = {
				CLANG_ENABLE_MODULES = YES;
				CODE_SIGN_ENTITLEMENTS = "";
				CODE_SIGN_IDENTITY = "Apple Development";
				CODE_SIGN_STYLE = Automatic;
				DEAD_CODE_STRIPPING = YES;
				DEVELOPMENT_TEAM = T2Z7VV7AX4;
				ENABLE_HARDENED_RUNTIME = YES;
				PRODUCT_NAME = "$(TARGET_NAME)";
				PROVISIONING_PROFILE_SPECIFIER = "";
			};
			name = Debug;
		};
		91FCA0842DD5744A00AFC664 /* Release */ = {
			isa = XCBuildConfiguration;
			buildSettings = {
				CLANG_ENABLE_MODULES = YES;
				CODE_SIGN_ENTITLEMENTS = "";
				CODE_SIGN_IDENTITY = "Apple Development";
				CODE_SIGN_STYLE = Automatic;
				DEAD_CODE_STRIPPING = YES;
				DEVELOPMENT_TEAM = T2Z7VV7AX4;
				ENABLE_HARDENED_RUNTIME = YES;
				PRODUCT_NAME = "$(TARGET_NAME)";
				PROVISIONING_PROFILE_SPECIFIER = "";
			};
			name = Release;
		};
/* End XCBuildConfiguration section */

/* Begin XCConfigurationList section */
		91FCA0762DD5744A00AFC664 /* Build configuration list for PBXProject "AtmosRecorder" */ = {
			isa = XCConfigurationList;
			buildConfigurations = (
				91FCA0802DD5744A00AFC664 /* Debug */,
				91FCA0812DD5744A00AFC664 /* Release */,
			);
			defaultConfigurationIsVisible = 0;
			defaultConfigurationName = Release;
		};
		91FCA0822DD5744A00AFC664 /* Build configuration list for PBXNativeTarget "AtmosRecorder" */ = {
			isa = XCConfigurationList;
			buildConfigurations = (
				91FCA0832DD5744A00AFC664 /* Debug */,
				91FCA0842DD5744A00AFC664 /* Release */,
			);
			defaultConfigurationIsVisible = 0;
			defaultConfigurationName = Release;
		};
/* End XCConfigurationList section */
	};
	rootObject = 91FCA0732DD5744A00AFC664 /* Project object */;
}
